
Microsoft Visual Studio Solution File, Format Version 12.00
# Visual Studio Version 17
VisualStudioVersion = 17.3.32825.248
MinimumVisualStudioVersion = 10.0.40219.1
Project("{9A19103F-16F7-4668-BE54-9A1E7A4F7556}") = "DocesMargout", "DocesMargout.csproj", "{3C9E4B1F-2F35-407F-B976-85C8B981D634}"
EndProject
Project("{9A19103F-16F7-4668-BE54-9A1E7A4F7556}") = "DAL", "..\DAL\DAL.csproj", "{F2372781-80A8-4F80-8D53-E46D48A63E18}"
EndProject
Project("{9A19103F-16F7-4668-BE54-9A1E7A4F7556}") = "BAL", "..\BAL\BAL.csproj", "{AD32EDFB-ECE6-422D-8725-1AD07FFDD6A8}"
EndProject
Project("{FAE04EC0-301F-11D3-BF4B-00C04F79EFBC}") = "Objects", "..\Objects\Objects.csproj", "{F00537BD-B7C2-4CDB-9875-C0D1C1A9A866}"
EndProject
Global
	GlobalSection(SolutionConfigurationPlatforms) = preSolution
		Debug|Any CPU = Debug|Any CPU
		Release|Any CPU = Release|Any CPU
	EndGlobalSection
	GlobalSection(ProjectConfigurationPlatforms) = postSolution
		{3C9E4B1F-2F35-407F-B976-85C8B981D634}.Debug|Any CPU.ActiveCfg = Debug|Any CPU
		{3C9E4B1F-2F35-407F-B976-85C8B981D634}.Debug|Any CPU.Build.0 = Debug|Any CPU
		{3C9E4B1F-2F35-407F-B976-85C8B981D634}.Release|Any CPU.ActiveCfg = Release|Any CPU
		{3C9E4B1F-2F35-407F-B976-85C8B981D634}.Release|Any CPU.Build.0 = Release|Any CPU
		{F2372781-80A8-4F80-8D53-E46D48A63E18}.Debug|Any CPU.ActiveCfg = Debug|Any CPU
		{F2372781-80A8-4F80-8D53-E46D48A63E18}.Debug|Any CPU.Build.0 = Debug|Any CPU
		{F2372781-80A8-4F80-8D53-E46D48A63E18}.Release|Any CPU.ActiveCfg = Release|Any CPU
		{F2372781-80A8-4F80-8D53-E46D48A63E18}.Release|Any CPU.Build.0 = Release|Any CPU
		{AD32EDFB-ECE6-422D-8725-1AD07FFDD6A8}.Debug|Any CPU.ActiveCfg = Debug|Any CPU
		{AD32EDFB-ECE6-422D-8725-1AD07FFDD6A8}.Debug|Any CPU.Build.0 = Debug|Any CPU
		{AD32EDFB-ECE6-422D-8725-1AD07FFDD6A8}.Release|Any CPU.ActiveCfg = Release|Any CPU
		{AD32EDFB-ECE6-422D-8725-1AD07FFDD6A8}.Release|Any CPU.Build.0 = Release|Any CPU
		{F00537BD-B7C2-4CDB-9875-C0D1C1A9A866}.Debug|Any CPU.ActiveCfg = Debug|Any CPU
		{F00537BD-B7C2-4CDB-9875-C0D1C1A9A866}.Debug|Any CPU.Build.0 = Debug|Any CPU
		{F00537BD-B7C2-4CDB-9875-C0D1C1A9A866}.Release|Any CPU.ActiveCfg = Release|Any CPU
		{F00537BD-B7C2-4CDB-9875-C0D1C1A9A866}.Release|Any CPU.Build.0 = Release|Any CPU
	EndGlobalSection
	GlobalSection(SolutionProperties) = preSolution
		HideSolutionNode = FALSE
	EndGlobalSection
	GlobalSection(ExtensibilityGlobals) = postSolution
		SolutionGuid = {60C2C0F5-4C7F-487E-BA1A-F66C3F9D6B6E}
	EndGlobalSection
EndGlobal
